
Microsoft Visual Studio Solution File, Format Version 12.00
# Visual Studio Version 16
VisualStudioVersion = 16.0.28922.388
MinimumVisualStudioVersion = 10.0.40219.1
Project("{FAE04EC0-301F-11D3-BF4B-00C04F79EFBC}") = "WebApiNHibernateCrudPagination", "WebApiNHibernateCrudPagination.csproj", "{87242F97-515C-4AB2-88BD-E33580FEF074}"
EndProject
Global
	GlobalSection(SolutionConfigurationPlatforms) = preSolution
		Debug|Any CPU = Debug|Any CPU
		Release|Any CPU = Release|Any CPU
	EndGlobalSection
	GlobalSection(ProjectConfigurationPlatforms) = postSolution
		{87242F97-515C-4AB2-88BD-E33580FEF074}.Debug|Any CPU.ActiveCfg = Debug|Any CPU
		{87242F97-515C-4AB2-88BD-E33580FEF074}.Debug|Any CPU.Build.0 = Debug|Any CPU
		{87242F97-515C-4AB2-88BD-E33580FEF074}.Release|Any CPU.ActiveCfg = Release|Any CPU
		{87242F97-515C-4AB2-88BD-E33580FEF074}.Release|Any CPU.Build.0 = Release|Any CPU
	EndGlobalSection
	GlobalSection(SolutionProperties) = preSolution
		HideSolutionNode = FALSE
	EndGlobalSection
	GlobalSection(ExtensibilityGlobals) = postSolution
		SolutionGuid = {54A2F8F9-719E-49E6-B213-F95DB17BFE0F}
	EndGlobalSection
EndGlobal
